
Microsoft Visual Studio Solution File, Format Version 12.00
# Visual Studio Version 17
VisualStudioVersion = 17.0.31903.59
MinimumVisualStudioVersion = 10.0.40219.1
Project("{FAE04EC0-301F-11D3-BF4B-00C04F79EFBC}") = "Domain", "Domain\Domain.csproj", "{70465E16-5219-4500-831E-80E8BD808FAD}"
EndProject
Project("{FAE04EC0-301F-11D3-BF4B-00C04F79EFBC}") = "Infrastructure", "Infrastructure\Infrastructure.csproj", "{94166761-C517-464B-92FF-DA8E44DDB0CE}"
EndProject
Project("{FAE04EC0-301F-11D3-BF4B-00C04F79EFBC}") = "WebApi", "WebApi\WebApi.csproj", "{553E8F3F-4DBD-4F5C-B007-6C9B41459CAC}"
EndProject
Global
	GlobalSection(SolutionConfigurationPlatforms) = preSolution
		Debug|Any CPU = Debug|Any CPU
		Release|Any CPU = Release|Any CPU
	EndGlobalSection
	GlobalSection(SolutionProperties) = preSolution
		HideSolutionNode = FALSE
	EndGlobalSection
	GlobalSection(ProjectConfigurationPlatforms) = postSolution
		{70465E16-5219-4500-831E-80E8BD808FAD}.Debug|Any CPU.ActiveCfg = Debug|Any CPU
		{70465E16-5219-4500-831E-80E8BD808FAD}.Debug|Any CPU.Build.0 = Debug|Any CPU
		{70465E16-5219-4500-831E-80E8BD808FAD}.Release|Any CPU.ActiveCfg = Release|Any CPU
		{70465E16-5219-4500-831E-80E8BD808FAD}.Release|Any CPU.Build.0 = Release|Any CPU
		{94166761-C517-464B-92FF-DA8E44DDB0CE}.Debug|Any CPU.ActiveCfg = Debug|Any CPU
		{94166761-C517-464B-92FF-DA8E44DDB0CE}.Debug|Any CPU.Build.0 = Debug|Any CPU
		{94166761-C517-464B-92FF-DA8E44DDB0CE}.Release|Any CPU.ActiveCfg = Release|Any CPU
		{94166761-C517-464B-92FF-DA8E44DDB0CE}.Release|Any CPU.Build.0 = Release|Any CPU
		{553E8F3F-4DBD-4F5C-B007-6C9B41459CAC}.Debug|Any CPU.ActiveCfg = Debug|Any CPU
		{553E8F3F-4DBD-4F5C-B007-6C9B41459CAC}.Debug|Any CPU.Build.0 = Debug|Any CPU
		{553E8F3F-4DBD-4F5C-B007-6C9B41459CAC}.Release|Any CPU.ActiveCfg = Release|Any CPU
		{553E8F3F-4DBD-4F5C-B007-6C9B41459CAC}.Release|Any CPU.Build.0 = Release|Any CPU
	EndGlobalSection
EndGlobal
